
Microsoft Visual Studio Solution File, Format Version 12.00
Project("{FAE04EC0-301F-11D3-BF4B-00C04F79EFBC}") = "BusinessObjects", "BusinessObjects\BusinessObjects.csproj", "{4331CA08-2B7E-4D42-9C27-A71C6D19531C}"
EndProject
Project("{FAE04EC0-301F-11D3-BF4B-00C04F79EFBC}") = "DAOs", "DAOs\DAOs.csproj", "{56A0088C-3A6F-4B0F-9662-58FD27929C2C}"
EndProject
Project("{FAE04EC0-301F-11D3-BF4B-00C04F79EFBC}") = "Repositories", "Repositories\Repositories.csproj", "{7A1DF02C-2C21-4868-B2CF-9DB707227F4A}"
EndProject
Project("{FAE04EC0-301F-11D3-BF4B-00C04F79EFBC}") = "Services", "Services\Services.csproj", "{EC375C55-A228-4C33-ADE8-CF90A1EE9844}"
EndProject
Project("{FAE04EC0-301F-11D3-BF4B-00C04F79EFBC}") = "API", "API\API.csproj", "{A2EC57F5-FCAA-4196-BBF5-694069FB94E4}"
EndProject
Project("{FAE04EC0-301F-11D3-BF4B-00C04F79EFBC}") = "UnitTests", "UnitTests\UnitTests.csproj", "{F29FFB62-CF16-479C-B914-F6E48F3579F0}"
EndProject
Global
	GlobalSection(SolutionConfigurationPlatforms) = preSolution
		Debug|Any CPU = Debug|Any CPU
		Release|Any CPU = Release|Any CPU
	EndGlobalSection
	GlobalSection(ProjectConfigurationPlatforms) = postSolution
		{4331CA08-2B7E-4D42-9C27-A71C6D19531C}.Debug|Any CPU.ActiveCfg = Debug|Any CPU
		{4331CA08-2B7E-4D42-9C27-A71C6D19531C}.Debug|Any CPU.Build.0 = Debug|Any CPU
		{4331CA08-2B7E-4D42-9C27-A71C6D19531C}.Release|Any CPU.ActiveCfg = Release|Any CPU
		{4331CA08-2B7E-4D42-9C27-A71C6D19531C}.Release|Any CPU.Build.0 = Release|Any CPU
		{56A0088C-3A6F-4B0F-9662-58FD27929C2C}.Debug|Any CPU.ActiveCfg = Debug|Any CPU
		{56A0088C-3A6F-4B0F-9662-58FD27929C2C}.Debug|Any CPU.Build.0 = Debug|Any CPU
		{56A0088C-3A6F-4B0F-9662-58FD27929C2C}.Release|Any CPU.ActiveCfg = Release|Any CPU
		{56A0088C-3A6F-4B0F-9662-58FD27929C2C}.Release|Any CPU.Build.0 = Release|Any CPU
		{7A1DF02C-2C21-4868-B2CF-9DB707227F4A}.Debug|Any CPU.ActiveCfg = Debug|Any CPU
		{7A1DF02C-2C21-4868-B2CF-9DB707227F4A}.Debug|Any CPU.Build.0 = Debug|Any CPU
		{7A1DF02C-2C21-4868-B2CF-9DB707227F4A}.Release|Any CPU.ActiveCfg = Release|Any CPU
		{7A1DF02C-2C21-4868-B2CF-9DB707227F4A}.Release|Any CPU.Build.0 = Release|Any CPU
		{EC375C55-A228-4C33-ADE8-CF90A1EE9844}.Debug|Any CPU.ActiveCfg = Debug|Any CPU
		{EC375C55-A228-4C33-ADE8-CF90A1EE9844}.Debug|Any CPU.Build.0 = Debug|Any CPU
		{EC375C55-A228-4C33-ADE8-CF90A1EE9844}.Release|Any CPU.ActiveCfg = Release|Any CPU
		{EC375C55-A228-4C33-ADE8-CF90A1EE9844}.Release|Any CPU.Build.0 = Release|Any CPU
		{A2EC57F5-FCAA-4196-BBF5-694069FB94E4}.Debug|Any CPU.ActiveCfg = Debug|Any CPU
		{A2EC57F5-FCAA-4196-BBF5-694069FB94E4}.Debug|Any CPU.Build.0 = Debug|Any CPU
		{A2EC57F5-FCAA-4196-BBF5-694069FB94E4}.Release|Any CPU.ActiveCfg = Release|Any CPU
		{A2EC57F5-FCAA-4196-BBF5-694069FB94E4}.Release|Any CPU.Build.0 = Release|Any CPU
		{F29FFB62-CF16-479C-B914-F6E48F3579F0}.Debug|Any CPU.ActiveCfg = Debug|Any CPU
		{F29FFB62-CF16-479C-B914-F6E48F3579F0}.Debug|Any CPU.Build.0 = Debug|Any CPU
		{F29FFB62-CF16-479C-B914-F6E48F3579F0}.Release|Any CPU.ActiveCfg = Release|Any CPU
		{F29FFB62-CF16-479C-B914-F6E48F3579F0}.Release|Any CPU.Build.0 = Release|Any CPU
	EndGlobalSection
EndGlobal
