
Microsoft Visual Studio Solution File, Format Version 12.00
Project("{FAE04EC0-301F-11D3-BF4B-00C04F79EFBC}") = "API", "API\API.csproj", "{A2152B08-1AA4-4369-BA1E-A64EC0C2B20E}"
EndProject
Project("{FAE04EC0-301F-11D3-BF4B-00C04F79EFBC}") = "BusinessObjects", "BusinessObjects\BusinessObjects.csproj", "{DBEF0B84-E8D6-4CEC-90E8-0C85AD07F831}"
EndProject
Project("{FAE04EC0-301F-11D3-BF4B-00C04F79EFBC}") = "DAOs", "DAOs\DAOs.csproj", "{718C1F2A-E7BF-4318-831F-F893B87EB567}"
EndProject
Project("{FAE04EC0-301F-11D3-BF4B-00C04F79EFBC}") = "UnitTests", "UnitTests\UnitTests.csproj", "{7F856479-C09C-4DA4-ACF6-3571B1819A6C}"
EndProject
Project("{FAE04EC0-301F-11D3-BF4B-00C04F79EFBC}") = "Repositories", "Repositories\Repositories.csproj", "{103387BD-98B1-40E7-963F-A3A715A21E96}"
EndProject
Project("{FAE04EC0-301F-11D3-BF4B-00C04F79EFBC}") = "Services", "Services\Services.csproj", "{43503DF3-52BB-4F00-8237-1CB0E6F051B7}"
EndProject
Global
	GlobalSection(SolutionConfigurationPlatforms) = preSolution
		Debug|Any CPU = Debug|Any CPU
		Release|Any CPU = Release|Any CPU
	EndGlobalSection
	GlobalSection(ProjectConfigurationPlatforms) = postSolution
		{A2152B08-1AA4-4369-BA1E-A64EC0C2B20E}.Debug|Any CPU.ActiveCfg = Debug|Any CPU
		{A2152B08-1AA4-4369-BA1E-A64EC0C2B20E}.Debug|Any CPU.Build.0 = Debug|Any CPU
		{A2152B08-1AA4-4369-BA1E-A64EC0C2B20E}.Release|Any CPU.ActiveCfg = Release|Any CPU
		{A2152B08-1AA4-4369-BA1E-A64EC0C2B20E}.Release|Any CPU.Build.0 = Release|Any CPU
		{DBEF0B84-E8D6-4CEC-90E8-0C85AD07F831}.Debug|Any CPU.ActiveCfg = Debug|Any CPU
		{DBEF0B84-E8D6-4CEC-90E8-0C85AD07F831}.Debug|Any CPU.Build.0 = Debug|Any CPU
		{DBEF0B84-E8D6-4CEC-90E8-0C85AD07F831}.Release|Any CPU.ActiveCfg = Release|Any CPU
		{DBEF0B84-E8D6-4CEC-90E8-0C85AD07F831}.Release|Any CPU.Build.0 = Release|Any CPU
		{718C1F2A-E7BF-4318-831F-F893B87EB567}.Debug|Any CPU.ActiveCfg = Debug|Any CPU
		{718C1F2A-E7BF-4318-831F-F893B87EB567}.Debug|Any CPU.Build.0 = Debug|Any CPU
		{718C1F2A-E7BF-4318-831F-F893B87EB567}.Release|Any CPU.ActiveCfg = Release|Any CPU
		{718C1F2A-E7BF-4318-831F-F893B87EB567}.Release|Any CPU.Build.0 = Release|Any CPU
		{7F856479-C09C-4DA4-ACF6-3571B1819A6C}.Debug|Any CPU.ActiveCfg = Debug|Any CPU
		{7F856479-C09C-4DA4-ACF6-3571B1819A6C}.Debug|Any CPU.Build.0 = Debug|Any CPU
		{7F856479-C09C-4DA4-ACF6-3571B1819A6C}.Release|Any CPU.ActiveCfg = Release|Any CPU
		{7F856479-C09C-4DA4-ACF6-3571B1819A6C}.Release|Any CPU.Build.0 = Release|Any CPU
		{103387BD-98B1-40E7-963F-A3A715A21E96}.Debug|Any CPU.ActiveCfg = Debug|Any CPU
		{103387BD-98B1-40E7-963F-A3A715A21E96}.Debug|Any CPU.Build.0 = Debug|Any CPU
		{103387BD-98B1-40E7-963F-A3A715A21E96}.Release|Any CPU.ActiveCfg = Release|Any CPU
		{103387BD-98B1-40E7-963F-A3A715A21E96}.Release|Any CPU.Build.0 = Release|Any CPU
		{43503DF3-52BB-4F00-8237-1CB0E6F051B7}.Debug|Any CPU.ActiveCfg = Debug|Any CPU
		{43503DF3-52BB-4F00-8237-1CB0E6F051B7}.Debug|Any CPU.Build.0 = Debug|Any CPU
		{43503DF3-52BB-4F00-8237-1CB0E6F051B7}.Release|Any CPU.ActiveCfg = Release|Any CPU
		{43503DF3-52BB-4F00-8237-1CB0E6F051B7}.Release|Any CPU.Build.0 = Release|Any CPU
	EndGlobalSection
EndGlobal
